// !$*UTF8*$!
{
	archiveVersion = 1;
	classes = {
	};
	objectVersion = 51;
	objects = {

/* Begin PBXBuildFile section */
		2739951136ADBA96E6C400F3 /* Pods_FB_and_Google_Sign_In.framework in Frameworks */ = {isa = PBXBuildFile; fileRef = 0DA51B98C4A96E169931AEE3 /* Pods_FB_and_Google_Sign_In.framework */; };
		62DADFF7244DA08800CB9959 /* AppDelegate.swift in Sources */ = {isa = PBXBuildFile; fileRef = 62DADFF6244DA08800CB9959 /* AppDelegate.swift */; };
		62DADFF9244DA08800CB9959 /* ViewController.swift in Sources */ = {isa = PBXBuildFile; fileRef = 62DADFF8244DA08800CB9959 /* ViewController.swift */; };
		62DADFFC244DA08900CB9959 /* Main.storyboard in Resources */ = {isa = PBXBuildFile; fileRef = 62DADFFA244DA08900CB9959 /* Main.storyboard */; };
		62DADFFE244DA0A200CB9959 /* Assets.xcassets in Resources */ = {isa = PBXBuildFile; fileRef = 62DADFFD244DA0A200CB9959 /* Assets.xcassets */; };
		62DAE001244DA0A200CB9959 /* LaunchScreen.storyboard in Resources */ = {isa = PBXBuildFile; fileRef = 62DADFFF244DA0A200CB9959 /* LaunchScreen.storyboard */; };
		62DAE011244DDC3000CB9959 /* client_702634054557-5m73tquru6k2qoiuj357agc7tj71akn6.apps.googleusercontent.com.plist in Resources */ = {isa = PBXBuildFile; fileRef = 62DAE010244DDC2F00CB9959 /* client_702634054557-5m73tquru6k2qoiuj357agc7tj71akn6.apps.googleusercontent.com.plist */; };
		62DAE014244DDE6900CB9959 /* UserModel.swift in Sources */ = {isa = PBXBuildFile; fileRef = 62DAE013244DDE6900CB9959 /* UserModel.swift */; };
		62DAE016244DF17D00CB9959 /* ProfileViewController.swift in Sources */ = {isa = PBXBuildFile; fileRef = 62DAE015244DF17D00CB9959 /* ProfileViewController.swift */; };
/* End PBXBuildFile section */

/* Begin PBXFileReference section */
		0DA51B98C4A96E169931AEE3 /* Pods_FB_and_Google_Sign_In.framework */ = {isa = PBXFileReference; explicitFileType = wrapper.framework; includeInIndex = 0; path = Pods_FB_and_Google_Sign_In.framework; sourceTree = BUILT_PRODUCTS_DIR; };
		353FF6E7B80DBE0EC5BD0E3E /* Pods-FB and Google Sign In.debug.xcconfig */ = {isa = PBXFileReference; includeInIndex = 1; lastKnownFileType = text.xcconfig; name = "Pods-FB and Google Sign In.debug.xcconfig"; path = "Target Support Files/Pods-FB and Google Sign In/Pods-FB and Google Sign In.debug.xcconfig"; sourceTree = "<group>"; };
		62DADFF3244DA08800CB9959 /* FB and Google Sign In.app */ = {isa = PBXFileReference; explicitFileType = wrapper.application; includeInIndex = 0; path = "FB and Google Sign In.app"; sourceTree = BUILT_PRODUCTS_DIR; };
		62DADFF6244DA08800CB9959 /* AppDelegate.swift */ = {isa = PBXFileReference; lastKnownFileType = sourcecode.swift; path = AppDelegate.swift; sourceTree = "<group>"; };
		62DADFF8244DA08800CB9959 /* ViewController.swift */ = {isa = PBXFileReference; lastKnownFileType = sourcecode.swift; path = ViewController.swift; sourceTree = "<group>"; };
		62DADFFB244DA08900CB9959 /* Base */ = {isa = PBXFileReference; lastKnownFileType = file.storyboard; name = Base; path = Base.lproj/Main.storyboard; sourceTree = "<group>"; };
		62DADFFD244DA0A200CB9959 /* Assets.xcassets */ = {isa = PBXFileReference; lastKnownFileType = folder.assetcatalog; path = Assets.xcassets; sourceTree = "<group>"; };
		62DAE000244DA0A200CB9959 /* Base */ = {isa = PBXFileReference; lastKnownFileType = file.storyboard; name = Base; path = Base.lproj/LaunchScreen.storyboard; sourceTree = "<group>"; };
		62DAE002244DA0A200CB9959 /* Info.plist */ = {isa = PBXFileReference; lastKnownFileType = text.plist.xml; path = Info.plist; sourceTree = "<group>"; };
		62DAE010244DDC2F00CB9959 /* client_702634054557-5m73tquru6k2qoiuj357agc7tj71akn6.apps.googleusercontent.com.plist */ = {isa = PBXFileReference; fileEncoding = 4; lastKnownFileType = text.plist.xml; path = "client_702634054557-5m73tquru6k2qoiuj357agc7tj71akn6.apps.googleusercontent.com.plist"; sourceTree = "<group>"; };
		62DAE013244DDE6900CB9959 /* UserModel.swift */ = {isa = PBXFileReference; lastKnownFileType = sourcecode.swift; path = UserModel.swift; sourceTree = "<group>"; };
		62DAE015244DF17D00CB9959 /* ProfileViewController.swift */ = {isa = PBXFileReference; lastKnownFileType = sourcecode.swift; path = ProfileViewController.swift; sourceTree = "<group>"; };
		C3D15272D1846D89450BB9E3 /* Pods-FB and Google Sign In.release.xcconfig */ = {isa = PBXFileReference; includeInIndex = 1; lastKnownFileType = text.xcconfig; name = "Pods-FB and Google Sign In.release.xcconfig"; path = "Target Support Files/Pods-FB and Google Sign In/Pods-FB and Google Sign In.release.xcconfig"; sourceTree = "<group>"; };
/* End PBXFileReference section */

/* Begin PBXFrameworksBuildPhase section */
		62DADFF0244DA08800CB9959 /* Frameworks */ = {
			isa = PBXFrameworksBuildPhase;
			buildActionMask = 2147483647;
			files = (
				2739951136ADBA96E6C400F3 /* Pods_FB_and_Google_Sign_In.framework in Frameworks */,
			);
			runOnlyForDeploymentPostprocessing = 0;
		};
/* End PBXFrameworksBuildPhase section */

/* Begin PBXGroup section */
		62DADFEA244DA08800CB9959 = {
			isa = PBXGroup;
			children = (
				62DADFF5244DA08800CB9959 /* FB and Google Sign In */,
				62DADFF4244DA08800CB9959 /* Products */,
				7780BC575973A3F28912DEF3 /* Pods */,
				7CDCF370946C2EEC7052BCFA /* Frameworks */,
			);
			sourceTree = "<group>";
		};
		62DADFF4244DA08800CB9959 /* Products */ = {
			isa = PBXGroup;
			children = (
				62DADFF3244DA08800CB9959 /* FB and Google Sign In.app */,
			);
			name = Products;
			sourceTree = "<group>";
		};
		62DADFF5244DA08800CB9959 /* FB and Google Sign In */ = {
			isa = PBXGroup;
			children = (
				62DAE012244DDE5100CB9959 /* User Model */,
				62DADFF6244DA08800CB9959 /* AppDelegate.swift */,
				62DADFF8244DA08800CB9959 /* ViewController.swift */,
				62DADFFA244DA08900CB9959 /* Main.storyboard */,
				62DADFFD244DA0A200CB9959 /* Assets.xcassets */,
				62DADFFF244DA0A200CB9959 /* LaunchScreen.storyboard */,
				62DAE002244DA0A200CB9959 /* Info.plist */,
				62DAE010244DDC2F00CB9959 /* client_702634054557-5m73tquru6k2qoiuj357agc7tj71akn6.apps.googleusercontent.com.plist */,
				62DAE015244DF17D00CB9959 /* ProfileViewController.swift */,
			);
			path = "FB and Google Sign In";
			sourceTree = "<group>";
		};
		62DAE012244DDE5100CB9959 /* User Model */ = {
			isa = PBXGroup;
			children = (
				62DAE013244DDE6900CB9959 /* UserModel.swift */,
			);
			path = "User Model";
			sourceTree = "<group>";
		};
		7780BC575973A3F28912DEF3 /* Pods */ = {
			isa = PBXGroup;
			children = (
				353FF6E7B80DBE0EC5BD0E3E /* Pods-FB and Google Sign In.debug.xcconfig */,
				C3D15272D1846D89450BB9E3 /* Pods-FB and Google Sign In.release.xcconfig */,
			);
			path = Pods;
			sourceTree = "<group>";
		};
		7CDCF370946C2EEC7052BCFA /* Frameworks */ = {
			isa = PBXGroup;
			children = (
				0DA51B98C4A96E169931AEE3 /* Pods_FB_and_Google_Sign_In.framework */,
			);
			name = Frameworks;
			sourceTree = "<group>";
		};
/* End PBXGroup section */

/* Begin PBXNativeTarget section */
		62DADFF2244DA08800CB9959 /* FB and Google Sign In */ = {
			isa = PBXNativeTarget;
			buildConfigurationList = 62DAE005244DA0A200CB9959 /* Build configuration list for PBXNativeTarget "FB and Google Sign In" */;
			buildPhases = (
				BEA7A2C0F7063F5E5C111587 /* [CP] Check Pods Manifest.lock */,
				62DADFEF244DA08800CB9959 /* Sources */,
				62DADFF0244DA08800CB9959 /* Frameworks */,
				62DADFF1244DA08800CB9959 /* Resources */,
				DE91CE86041F4A63C4986221 /* [CP] Embed Pods Frameworks */,
				059054040B5EDCEB10BF0B98 /* [CP] Copy Pods Resources */,
			);
			buildRules = (
			);
			dependencies = (
			);
			name = "FB and Google Sign In";
			productName = "FB and Google Sign In";
			productReference = 62DADFF3244DA08800CB9959 /* FB and Google Sign In.app */;
			productType = "com.apple.product-type.application";
		};
/* End PBXNativeTarget section */

/* Begin PBXProject section */
		62DADFEB244DA08800CB9959 /* Project object */ = {
			isa = PBXProject;
			attributes = {
				LastSwiftUpdateCheck = 1020;
				LastUpgradeCheck = 1020;
				ORGANIZATIONNAME = ravindraB;
				TargetAttributes = {
					62DADFF2244DA08800CB9959 = {
						CreatedOnToolsVersion = 10.2;
					};
				};
			};
			buildConfigurationList = 62DADFEE244DA08800CB9959 /* Build configuration list for PBXProject "FB and Google Sign In" */;
			compatibilityVersion = "Xcode 9.3";
			developmentRegion = en;
			hasScannedForEncodings = 0;
			knownRegions = (
				en,
				Base,
			);
			mainGroup = 62DADFEA244DA08800CB9959;
			productRefGroup = 62DADFF4244DA08800CB9959 /* Products */;
			projectDirPath = "";
			projectRoot = "";
			targets = (
				62DADFF2244DA08800CB9959 /* FB and Google Sign In */,
			);
		};
/* End PBXProject section */

/* Begin PBXResourcesBuildPhase section */
		62DADFF1244DA08800CB9959 /* Resources */ = {
			isa = PBXResourcesBuildPhase;
			buildActionMask = 2147483647;
			files = (
				62DAE001244DA0A200CB9959 /* LaunchScreen.storyboard in Resources */,
				62DAE011244DDC3000CB9959 /* client_702634054557-5m73tquru6k2qoiuj357agc7tj71akn6.apps.googleusercontent.com.plist in Resources */,
				62DADFFE244DA0A200CB9959 /* Assets.xcassets in Resources */,
				62DADFFC244DA08900CB9959 /* Main.storyboard in Resources */,
			);
			runOnlyForDeploymentPostprocessing = 0;
		};
/* End PBXResourcesBuildPhase section */

/* Begin PBXShellScriptBuildPhase section */
		059054040B5EDCEB10BF0B98 /* [CP] Copy Pods Resources */ = {
			isa = PBXShellScriptBuildPhase;
			buildActionMask = 2147483647;
			files = (
			);
			inputFileListPaths = (
				"${PODS_ROOT}/Target Support Files/Pods-FB and Google Sign In/Pods-FB and Google Sign In-resources-${CONFIGURATION}-input-files.xcfilelist",
			);
			name = "[CP] Copy Pods Resources";
			outputFileListPaths = (
				"${PODS_ROOT}/Target Support Files/Pods-FB and Google Sign In/Pods-FB and Google Sign In-resources-${CONFIGURATION}-output-files.xcfilelist",
			);
			runOnlyForDeploymentPostprocessing = 0;
			shellPath = /bin/sh;
			shellScript = "\"${PODS_ROOT}/Target Support Files/Pods-FB and Google Sign In/Pods-FB and Google Sign In-resources.sh\"\n";
			showEnvVarsInLog = 0;
		};
		BEA7A2C0F7063F5E5C111587 /* [CP] Check Pods Manifest.lock */ = {
			isa = PBXShellScriptBuildPhase;
			buildActionMask = 2147483647;
			files = (
			);
			inputFileListPaths = (
			);
			inputPaths = (
				"${PODS_PODFILE_DIR_PATH}/Podfile.lock",
				"${PODS_ROOT}/Manifest.lock",
			);
			name = "[CP] Check Pods Manifest.lock";
			outputFileListPaths = (
			);
			outputPaths = (
				"$(DERIVED_FILE_DIR)/Pods-FB and Google Sign In-checkManifestLockResult.txt",
			);
			runOnlyForDeploymentPostprocessing = 0;
			shellPath = /bin/sh;
			shellScript = "diff \"${PODS_PODFILE_DIR_PATH}/Podfile.lock\" \"${PODS_ROOT}/Manifest.lock\" > /dev/null\nif [ $? != 0 ] ; then\n    # print error to STDERR\n    echo \"error: The sandbox is not in sync with the Podfile.lock. Run 'pod install' or update your CocoaPods installation.\" >&2\n    exit 1\nfi\n# This output is used by Xcode 'outputs' to avoid re-running this script phase.\necho \"SUCCESS\" > \"${SCRIPT_OUTPUT_FILE_0}\"\n";
			showEnvVarsInLog = 0;
		};
		DE91CE86041F4A63C4986221 /* [CP] Embed Pods Frameworks */ = {
			isa = PBXShellScriptBuildPhase;
			buildActionMask = 2147483647;
			files = (
			);
			inputFileListPaths = (
				"${PODS_ROOT}/Target Support Files/Pods-FB and Google Sign In/Pods-FB and Google Sign In-frameworks-${CONFIGURATION}-input-files.xcfilelist",
			);
			name = "[CP] Embed Pods Frameworks";
			outputFileListPaths = (
				"${PODS_ROOT}/Target Support Files/Pods-FB and Google Sign In/Pods-FB and Google Sign In-frameworks-${CONFIGURATION}-output-files.xcfilelist",
			);
			runOnlyForDeploymentPostprocessing = 0;
			shellPath = /bin/sh;
			shellScript = "\"${PODS_ROOT}/Target Support Files/Pods-FB and Google Sign In/Pods-FB and Google Sign In-frameworks.sh\"\n";
			showEnvVarsInLog = 0;
		};
/* End PBXShellScriptBuildPhase section */

/* Begin PBXSourcesBuildPhase section */
		62DADFEF244DA08800CB9959 /* Sources */ = {
			isa = PBXSourcesBuildPhase;
			buildActionMask = 2147483647;
			files = (
				62DADFF9244DA08800CB9959 /* ViewController.swift in Sources */,
				62DAE014244DDE6900CB9959 /* UserModel.swift in Sources */,
				62DAE016244DF17D00CB9959 /* ProfileViewController.swift in Sources */,
				62DADFF7244DA08800CB9959 /* AppDelegate.swift in Sources */,
			);
			runOnlyForDeploymentPostprocessing = 0;
		};
/* End PBXSourcesBuildPhase section */

/* Begin PBXVariantGroup section */
		62DADFFA244DA08900CB9959 /* Main.storyboard */ = {
			isa = PBXVariantGroup;
			children = (
				62DADFFB244DA08900CB9959 /* Base */,
			);
			name = Main.storyboard;
			sourceTree = "<group>";
		};
		62DADFFF244DA0A200CB9959 /* LaunchScreen.storyboard */ = {
			isa = PBXVariantGroup;
			children = (
				62DAE000244DA0A200CB9959 /* Base */,
			);
			name = LaunchScreen.storyboard;
			sourceTree = "<group>";
		};
/* End PBXVariantGroup section */

/* Begin XCBuildConfiguration section */
		62DAE003244DA0A200CB9959 /* Debug */ = {
			isa = XCBuildConfiguration;
			buildSettings = {
				ALWAYS_SEARCH_USER_PATHS = NO;
				CLANG_ANALYZER_NONNULL = YES;
				CLANG_ANALYZER_NUMBER_OBJECT_CONVERSION = YES_AGGRESSIVE;
				CLANG_CXX_LANGUAGE_STANDARD = "gnu++14";
				CLANG_CXX_LIBRARY = "libc++";
				CLANG_ENABLE_MODULES = YES;
				CLANG_ENABLE_OBJC_ARC = YES;
				CLANG_ENABLE_OBJC_WEAK = YES;
				CLANG_WARN_BLOCK_CAPTURE_AUTORELEASING = YES;
				CLANG_WARN_BOOL_CONVERSION = YES;
				CLANG_WARN_COMMA = YES;
				CLANG_WARN_CONSTANT_CONVERSION = YES;
				CLANG_WARN_DEPRECATED_OBJC_IMPLEMENTATIONS = YES;
				CLANG_WARN_DIRECT_OBJC_ISA_USAGE = YES_ERROR;
				CLANG_WARN_DOCUMENTATION_COMMENTS = YES;
				CLANG_WARN_EMPTY_BODY = YES;
				CLANG_WARN_ENUM_CONVERSION = YES;
				CLANG_WARN_INFINITE_RECURSION = YES;
				CLANG_WARN_INT_CONVERSION = YES;
				CLANG_WARN_NON_LITERAL_NULL_CONVERSION = YES;
				CLANG_WARN_OBJC_IMPLICIT_RETAIN_SELF = YES;
				CLANG_WARN_OBJC_LITERAL_CONVERSION = YES;
				CLANG_WARN_OBJC_ROOT_CLASS = YES_ERROR;
				CLANG_WARN_RANGE_LOOP_ANALYSIS = YES;
				CLANG_WARN_STRICT_PROTOTYPES = YES;
				CLANG_WARN_SUSPICIOUS_MOVE = YES;
				CLANG_WARN_UNGUARDED_AVAILABILITY = YES_AGGRESSIVE;
				CLANG_WARN_UNREACHABLE_CODE = YES;
				CLANG_WARN__DUPLICATE_METHOD_MATCH = YES;
				CODE_SIGN_IDENTITY = "iPhone Developer";
				COPY_PHASE_STRIP = NO;
				DEBUG_INFORMATION_FORMAT = dwarf;
				ENABLE_STRICT_OBJC_MSGSEND = YES;
				ENABLE_TESTABILITY = YES;
				GCC_C_LANGUAGE_STANDARD = gnu11;
				GCC_DYNAMIC_NO_PIC = NO;
				GCC_NO_COMMON_BLOCKS = YES;
				GCC_OPTIMIZATION_LEVEL = 0;
				GCC_PREPROCESSOR_DEFINITIONS = (
					"DEBUG=1",
					"$(inherited)",
				);
				GCC_WARN_64_TO_32_BIT_CONVERSION = YES;
				GCC_WARN_ABOUT_RETURN_TYPE = YES_ERROR;
				GCC_WARN_UNDECLARED_SELECTOR = YES;
				GCC_WARN_UNINITIALIZED_AUTOS = YES_AGGRESSIVE;
				GCC_WARN_UNUSED_FUNCTION = YES;
				GCC_WARN_UNUSED_VARIABLE = YES;
				IPHONEOS_DEPLOYMENT_TARGET = 12.2;
				MTL_ENABLE_DEBUG_INFO = INCLUDE_SOURCE;
				MTL_FAST_MATH = YES;
				ONLY_ACTIVE_ARCH = YES;
				SDKROOT = iphoneos;
				SWIFT_ACTIVE_COMPILATION_CONDITIONS = DEBUG;
				SWIFT_OPTIMIZATION_LEVEL = "-Onone";
			};
			name = Debug;
		};
		62DAE004244DA0A200CB9959 /* Release */ = {
			isa = XCBuildConfiguration;
			buildSettings = {
				ALWAYS_SEARCH_USER_PATHS = NO;
				CLANG_ANALYZER_NONNULL = YES;
				CLANG_ANALYZER_NUMBER_OBJECT_CONVERSION = YES_AGGRESSIVE;
				CLANG_CXX_LANGUAGE_STANDARD = "gnu++14";
				CLANG_CXX_LIBRARY = "libc++";
				CLANG_ENABLE_MODULES = YES;
				CLANG_ENABLE_OBJC_ARC = YES;
				CLANG_ENABLE_OBJC_WEAK = YES;
				CLANG_WARN_BLOCK_CAPTURE_AUTORELEASING = YES;
				CLANG_WARN_BOOL_CONVERSION = YES;
				CLANG_WARN_COMMA = YES;
				CLANG_WARN_CONSTANT_CONVERSION = YES;
				CLANG_WARN_DEPRECATED_OBJC_IMPLEMENTATIONS = YES;
				CLANG_WARN_DIRECT_OBJC_ISA_USAGE = YES_ERROR;
				CLANG_WARN_DOCUMENTATION_COMMENTS = YES;
				CLANG_WARN_EMPTY_BODY = YES;
				CLANG_WARN_ENUM_CONVERSION = YES;
				CLANG_WARN_INFINITE_RECURSION = YES;
				CLANG_WARN_INT_CONVERSION = YES;
				CLANG_WARN_NON_LITERAL_NULL_CONVERSION = YES;
				CLANG_WARN_OBJC_IMPLICIT_RETAIN_SELF = YES;
				CLANG_WARN_OBJC_LITERAL_CONVERSION = YES;
				CLANG_WARN_OBJC_ROOT_CLASS = YES_ERROR;
				CLANG_WARN_RANGE_LOOP_ANALYSIS = YES;
				CLANG_WARN_STRICT_PROTOTYPES = YES;
				CLANG_WARN_SUSPICIOUS_MOVE = YES;
				CLANG_WARN_UNGUARDED_AVAILABILITY = YES_AGGRESSIVE;
				CLANG_WARN_UNREACHABLE_CODE = YES;
				CLANG_WARN__DUPLICATE_METHOD_MATCH = YES;
				CODE_SIGN_IDENTITY = "iPhone Developer";
				COPY_PHASE_STRIP = NO;
				DEBUG_INFORMATION_FORMAT = "dwarf-with-dsym";
				ENABLE_NS_ASSERTIONS = NO;
				ENABLE_STRICT_OBJC_MSGSEND = YES;
				GCC_C_LANGUAGE_STANDARD = gnu11;
				GCC_NO_COMMON_BLOCKS = YES;
				GCC_WARN_64_TO_32_BIT_CONVERSION = YES;
				GCC_WARN_ABOUT_RETURN_TYPE = YES_ERROR;
				GCC_WARN_UNDECLARED_SELECTOR = YES;
				GCC_WARN_UNINITIALIZED_AUTOS = YES_AGGRESSIVE;
				GCC_WARN_UNUSED_FUNCTION = YES;
				GCC_WARN_UNUSED_VARIABLE = YES;
				IPHONEOS_DEPLOYMENT_TARGET = 12.2;
				MTL_ENABLE_DEBUG_INFO = NO;
				MTL_FAST_MATH = YES;
				SDKROOT = iphoneos;
				SWIFT_COMPILATION_MODE = wholemodule;
				SWIFT_OPTIMIZATION_LEVEL = "-O";
				VALIDATE_PRODUCT = YES;
			};
			name = Release;
		};
		62DAE006244DA0A200CB9959 /* Debug */ = {
			isa = XCBuildConfiguration;
			baseConfigurationReference = 353FF6E7B80DBE0EC5BD0E3E /* Pods-FB and Google Sign In.debug.xcconfig */;
			buildSettings = {
				ASSETCATALOG_COMPILER_APPICON_NAME = AppIcon;
				CODE_SIGN_STYLE = Automatic;
				INFOPLIST_FILE = "FB and Google Sign In/Info.plist";
				LD_RUNPATH_SEARCH_PATHS = (
					"$(inherited)",
					"@executable_path/Frameworks",
				);
				PRODUCT_BUNDLE_IDENTIFIER = "com.ravindra.FB-and-Google-Sign-In";
				PRODUCT_NAME = "$(TARGET_NAME)";
				SWIFT_VERSION = 5.0;
				TARGETED_DEVICE_FAMILY = "1,2";
			};
			name = Debug;
		};
		62DAE007244DA0A200CB9959 /* Release */ = {
			isa = XCBuildConfiguration;
			baseConfigurationReference = C3D15272D1846D89450BB9E3 /* Pods-FB and Google Sign In.release.xcconfig */;
			buildSettings = {
				ASSETCATALOG_COMPILER_APPICON_NAME = AppIcon;
				CODE_SIGN_STYLE = Automatic;
				INFOPLIST_FILE = "FB and Google Sign In/Info.plist";
				LD_RUNPATH_SEARCH_PATHS = (
					"$(inherited)",
					"@executable_path/Frameworks",
				);
				PRODUCT_BUNDLE_IDENTIFIER = "com.ravindra.FB-and-Google-Sign-In";
				PRODUCT_NAME = "$(TARGET_NAME)";
				SWIFT_VERSION = 5.0;
				TARGETED_DEVICE_FAMILY = "1,2";
			};
			name = Release;
		};
/* End XCBuildConfiguration section */

/* Begin XCConfigurationList section */
		62DADFEE244DA08800CB9959 /* Build configuration list for PBXProject "FB and Google Sign In" */ = {
			isa = XCConfigurationList;
			buildConfigurations = (
				62DAE003244DA0A200CB9959 /* Debug */,
				62DAE004244DA0A200CB9959 /* Release */,
			);
			defaultConfigurationIsVisible = 0;
			defaultConfigurationName = Release;
		};
		62DAE005244DA0A200CB9959 /* Build configuration list for PBXNativeTarget "FB and Google Sign In" */ = {
			isa = XCConfigurationList;
			buildConfigurations = (
				62DAE006244DA0A200CB9959 /* Debug */,
				62DAE007244DA0A200CB9959 /* Release */,
			);
			defaultConfigurationIsVisible = 0;
			defaultConfigurationName = Release;
		};
/* End XCConfigurationList section */
	};
	rootObject = 62DADFEB244DA08800CB9959 /* Project object */;
}
